
Microsoft Visual Studio Solution File, Format Version 12.00
# Visual Studio Version 17
VisualStudioVersion = 17.5.002.0
MinimumVisualStudioVersion = 10.0.40219.1
Project("{9A19103F-16F7-4668-BE54-9A1E7A4F7556}") = "NotificationChannelParser", "NotificationChannelParser\NotificationChannelParser.csproj", "{F648DE47-FFAC-4EBA-857C-206A06026FE4}"
EndProject
Global
	GlobalSection(SolutionConfigurationPlatforms) = preSolution
		Debug|Any CPU = Debug|Any CPU
		Release|Any CPU = Release|Any CPU
	EndGlobalSection
	GlobalSection(ProjectConfigurationPlatforms) = postSolution
		{F648DE47-FFAC-4EBA-857C-206A06026FE4}.Debug|Any CPU.ActiveCfg = Debug|Any CPU
		{F648DE47-FFAC-4EBA-857C-206A06026FE4}.Debug|Any CPU.Build.0 = Debug|Any CPU
		{F648DE47-FFAC-4EBA-857C-206A06026FE4}.Release|Any CPU.ActiveCfg = Release|Any CPU
		{F648DE47-FFAC-4EBA-857C-206A06026FE4}.Release|Any CPU.Build.0 = Release|Any CPU
	EndGlobalSection
	GlobalSection(SolutionProperties) = preSolution
		HideSolutionNode = FALSE
	EndGlobalSection
	GlobalSection(ExtensibilityGlobals) = postSolution
		SolutionGuid = {FBB10D77-179F-44FF-853B-54BF7B513C8F}
	EndGlobalSection
EndGlobal
